
Microsoft Visual Studio Solution File, Format Version 12.00
# Visual Studio Version 17
VisualStudioVersion = 17.0.32014.148
MinimumVisualStudioVersion = 10.0.40219.1
Project("{FAE04EC0-301F-11D3-BF4B-00C04F79EFBC}") = "GuessTheNumberInterface", "GuessTheNumberInterface\GuessTheNumberInterface.csproj", "{ADA0F000-F792-4C4C-930C-2939DFF5E262}"
EndProject
Global
	GlobalSection(SolutionConfigurationPlatforms) = preSolution
		Debug|Any CPU = Debug|Any CPU
		Release|Any CPU = Release|Any CPU
	EndGlobalSection
	GlobalSection(ProjectConfigurationPlatforms) = postSolution
		{ADA0F000-F792-4C4C-930C-2939DFF5E262}.Debug|Any CPU.ActiveCfg = Debug|Any CPU
		{ADA0F000-F792-4C4C-930C-2939DFF5E262}.Debug|Any CPU.Build.0 = Debug|Any CPU
		{ADA0F000-F792-4C4C-930C-2939DFF5E262}.Release|Any CPU.ActiveCfg = Release|Any CPU
		{ADA0F000-F792-4C4C-930C-2939DFF5E262}.Release|Any CPU.Build.0 = Release|Any CPU
	EndGlobalSection
	GlobalSection(SolutionProperties) = preSolution
		HideSolutionNode = FALSE
	EndGlobalSection
	GlobalSection(ExtensibilityGlobals) = postSolution
		SolutionGuid = {E49D57F8-8AB6-41CA-88F7-3B5B8694AEF3}
	EndGlobalSection
EndGlobal
